dependencies:
  espressif/usb_host_hid:
    component_hash: eabf03fe3cb1bdb5325d2725f420c6324c3e150033d893ce3737222929455a55
    dependencies:
    - name: idf
      require: private
      version: '>=4.4'
    source:
      registry_url: https://components.espressif.com/
      type: service
    targets:
    - esp32s2
    - esp32s3
    - esp32p4
    version: 1.0.3
  idf:
    source:
      type: idf
    version: 5.4.1
direct_dependencies:
- espressif/usb_host_hid
- idf
manifest_hash: 14f9ae406bdd2c9b94966c25124f93cb0a67d29a29e5749c361b078c9b4ec82d
target: esp32s3
version: 2.0.0
